
Microsoft Visual Studio Solution File, Format Version 12.00
# Visual Studio Version 16
VisualStudioVersion = 16.0.32106.194
MinimumVisualStudioVersion = 10.0.40219.1
Project("{2150E333-8FDC-42A3-9474-1A3956D46DE8}") = "Databases", "Databases", "{83892466-0BD3-40D9-B314-DDDB5301E42D}"
EndProject
Project("{2150E333-8FDC-42A3-9474-1A3956D46DE8}") = "Wpf", "Wpf", "{D6B0118B-CF71-44AE-B191-F1DE45C7DE1B}"
EndProject
Project("{2150E333-8FDC-42A3-9474-1A3956D46DE8}") = "Controls", "Controls", "{22980C5C-104B-4E40-AD1D-43B2148573DE}"
EndProject
Project("{2150E333-8FDC-42A3-9474-1A3956D46DE8}") = "SQLite", "SQLite", "{5560295A-9E0C-4BE2-841F-FFF6BBEB4F79}"
EndProject
Project("{FAE04EC0-301F-11D3-BF4B-00C04F79EFBC}") = "SQLite.Net.Sample", "Databases\SQLite\SQLite.Net.Sample\SQLite.Net.Sample.csproj", "{4DAE2F0F-7AB7-42DF-B731-54D28486AB32}"
EndProject
Global
	GlobalSection(SolutionConfigurationPlatforms) = preSolution
		Debug|Any CPU = Debug|Any CPU
		Release|Any CPU = Release|Any CPU
	EndGlobalSection
	GlobalSection(ProjectConfigurationPlatforms) = postSolution
		{4DAE2F0F-7AB7-42DF-B731-54D28486AB32}.Debug|Any CPU.ActiveCfg = Debug|Any CPU
		{4DAE2F0F-7AB7-42DF-B731-54D28486AB32}.Debug|Any CPU.Build.0 = Debug|Any CPU
		{4DAE2F0F-7AB7-42DF-B731-54D28486AB32}.Release|Any CPU.ActiveCfg = Release|Any CPU
		{4DAE2F0F-7AB7-42DF-B731-54D28486AB32}.Release|Any CPU.Build.0 = Release|Any CPU
	EndGlobalSection
	GlobalSection(SolutionProperties) = preSolution
		HideSolutionNode = FALSE
	EndGlobalSection
	GlobalSection(NestedProjects) = preSolution
		{22980C5C-104B-4E40-AD1D-43B2148573DE} = {D6B0118B-CF71-44AE-B191-F1DE45C7DE1B}
		{5560295A-9E0C-4BE2-841F-FFF6BBEB4F79} = {83892466-0BD3-40D9-B314-DDDB5301E42D}
		{4DAE2F0F-7AB7-42DF-B731-54D28486AB32} = {5560295A-9E0C-4BE2-841F-FFF6BBEB4F79}
	EndGlobalSection
	GlobalSection(ExtensibilityGlobals) = postSolution
		SolutionGuid = {501C5C0B-8BBB-4383-B646-E9B03E6880B4}
	EndGlobalSection
EndGlobal
